
Microsoft Visual Studio Solution File, Format Version 12.00
# Visual Studio Version 16
VisualStudioVersion = 16.0.30011.22
MinimumVisualStudioVersion = 10.0.40219.1
Project("{FAE04EC0-301F-11D3-BF4B-00C04F79EFBC}") = "SuperHero", "SuperHero\SuperHero.csproj", "{2229A743-785D-4371-8BA1-5E66DCFB3443}"
EndProject
Global
	GlobalSection(SolutionConfigurationPlatforms) = preSolution
		Debug|Any CPU = Debug|Any CPU
		Release|Any CPU = Release|Any CPU
	EndGlobalSection
	GlobalSection(ProjectConfigurationPlatforms) = postSolution
		{2229A743-785D-4371-8BA1-5E66DCFB3443}.Debug|Any CPU.ActiveCfg = Debug|Any CPU
		{2229A743-785D-4371-8BA1-5E66DCFB3443}.Debug|Any CPU.Build.0 = Debug|Any CPU
		{2229A743-785D-4371-8BA1-5E66DCFB3443}.Release|Any CPU.ActiveCfg = Release|Any CPU
		{2229A743-785D-4371-8BA1-5E66DCFB3443}.Release|Any CPU.Build.0 = Release|Any CPU
	EndGlobalSection
	GlobalSection(SolutionProperties) = preSolution
		HideSolutionNode = FALSE
	EndGlobalSection
	GlobalSection(ExtensibilityGlobals) = postSolution
		SolutionGuid = {62952B76-CC18-4FDA-9331-0CC09EC2154E}
	EndGlobalSection
EndGlobal
